
Microsoft Visual Studio Solution File, Format Version 12.00
# Visual Studio Version 17
VisualStudioVersion = 17.3.32901.215
MinimumVisualStudioVersion = 10.0.40219.1
Project("{FAE04EC0-301F-11D3-BF4B-00C04F79EFBC}") = "EOB", "EOB.csproj", "{F086287C-FFBF-4557-B5A8-5DABBF9D6B41}"
EndProject
Global
	GlobalSection(SolutionConfigurationPlatforms) = preSolution
		Debug|Any CPU = Debug|Any CPU
		Release|Any CPU = Release|Any CPU
	EndGlobalSection
	GlobalSection(ProjectConfigurationPlatforms) = postSolution
		{F086287C-FFBF-4557-B5A8-5DABBF9D6B41}.Debug|Any CPU.ActiveCfg = Debug|Any CPU
		{F086287C-FFBF-4557-B5A8-5DABBF9D6B41}.Debug|Any CPU.Build.0 = Debug|Any CPU
		{F086287C-FFBF-4557-B5A8-5DABBF9D6B41}.Release|Any CPU.ActiveCfg = Release|Any CPU
		{F086287C-FFBF-4557-B5A8-5DABBF9D6B41}.Release|Any CPU.Build.0 = Release|Any CPU
	EndGlobalSection
	GlobalSection(SolutionProperties) = preSolution
		HideSolutionNode = FALSE
	EndGlobalSection
	GlobalSection(ExtensibilityGlobals) = postSolution
		SolutionGuid = {588A5AA8-1081-4DA7-BE92-9E8DD6AFED69}
	EndGlobalSection
EndGlobal
